// !$*UTF8*$!
{
	archiveVersion = 1;
	classes = {
	};
	objectVersion = 56;
	objects = {

/* Begin PBXBuildFile section */
		749A295B2C7594910085FD4E /* LoginView.swift in Sources */ = {isa = PBXBuildFile; fileRef = 749A295A2C7594910085FD4E /* LoginView.swift */; };
		749A295E2C7770CD0085FD4E /* Tasks in Resources */ = {isa = PBXBuildFile; fileRef = 749A295D2C7770CD0085FD4E /* Tasks */; };
		749A29632C77B09D0085FD4E /* LoginViewModel.swift in Sources */ = {isa = PBXBuildFile; fileRef = 749A29622C77B09D0085FD4E /* LoginViewModel.swift */; };
		749A29672C77C3CA0085FD4E /* AppView.swift in Sources */ = {isa = PBXBuildFile; fileRef = 749A29662C77C3CA0085FD4E /* AppView.swift */; };
		74BDD2D22C7935C6002DB59D /* ShareButtonModel.swift in Sources */ = {isa = PBXBuildFile; fileRef = 74BDD2D12C7935C6002DB59D /* ShareButtonModel.swift */; };
		74BDD2D52C7935F2002DB59D /* ShareButtonView.swift in Sources */ = {isa = PBXBuildFile; fileRef = 74BDD2D42C7935F2002DB59D /* ShareButtonView.swift */; };
		74BDD2D72C793664002DB59D /* LogoutButtonView.swift in Sources */ = {isa = PBXBuildFile; fileRef = 74BDD2D62C793664002DB59D /* LogoutButtonView.swift */; };
		74BDD2E22C7A5316002DB59D /* PhotosView.swift in Sources */ = {isa = PBXBuildFile; fileRef = 74BDD2E12C7A5316002DB59D /* PhotosView.swift */; };
		74BDD2E42C7A532A002DB59D /* PhotosViewModel.swift in Sources */ = {isa = PBXBuildFile; fileRef = 74BDD2E32C7A532A002DB59D /* PhotosViewModel.swift */; };
		74BDD2E62C7A5357002DB59D /* PhotoModel.swift in Sources */ = {isa = PBXBuildFile; fileRef = 74BDD2E52C7A5357002DB59D /* PhotoModel.swift */; };
		74BDD2EE2C7A9F90002DB59D /* PhotoDetailView.swift in Sources */ = {isa = PBXBuildFile; fileRef = 74BDD2ED2C7A9F90002DB59D /* PhotoDetailView.swift */; };
		74BDD2F02C7B6944002DB59D /* VideoViewModel.swift in Sources */ = {isa = PBXBuildFile; fileRef = 74BDD2EF2C7B6944002DB59D /* VideoViewModel.swift */; };
		74BDD2F22C7B6979002DB59D /* VideoModel.swift in Sources */ = {isa = PBXBuildFile; fileRef = 74BDD2F12C7B6979002DB59D /* VideoModel.swift */; };
		74BDD2F92C7B8A0B002DB59D /* SegmentedControlerView.swift in Sources */ = {isa = PBXBuildFile; fileRef = 74BDD2F82C7B8A0B002DB59D /* SegmentedControlerView.swift */; };
		74DCBB462C75302800EC706C /* App.swift in Sources */ = {isa = PBXBuildFile; fileRef = 74DCBB452C75302800EC706C /* App.swift */; };
		74DCBB4A2C75302A00EC706C /* Assets.xcassets in Resources */ = {isa = PBXBuildFile; fileRef = 74DCBB492C75302A00EC706C /* Assets.xcassets */; };
		74DCBB4D2C75302A00EC706C /* Preview Assets.xcassets in Resources */ = {isa = PBXBuildFile; fileRef = 74DCBB4C2C75302A00EC706C /* Preview Assets.xcassets */; };
		74DCBB542C7530B000EC706C /* WebView.swift in Sources */ = {isa = PBXBuildFile; fileRef = 74DCBB532C7530B000EC706C /* WebView.swift */; };
/* End PBXBuildFile section */

/* Begin PBXFileReference section */
		749A295A2C7594910085FD4E /* LoginView.swift */ = {isa = PBXFileReference; lastKnownFileType = sourcecode.swift; path = LoginView.swift; sourceTree = "<group>"; };
		749A295D2C7770CD0085FD4E /* Tasks */ = {isa = PBXFileReference; lastKnownFileType = file; path = Tasks; sourceTree = "<group>"; };
		749A29622C77B09D0085FD4E /* LoginViewModel.swift */ = {isa = PBXFileReference; lastKnownFileType = sourcecode.swift; path = LoginViewModel.swift; sourceTree = "<group>"; };
		749A29662C77C3CA0085FD4E /* AppView.swift */ = {isa = PBXFileReference; lastKnownFileType = sourcecode.swift; path = AppView.swift; sourceTree = "<group>"; };
		74BDD2D12C7935C6002DB59D /* ShareButtonModel.swift */ = {isa = PBXFileReference; lastKnownFileType = sourcecode.swift; path = ShareButtonModel.swift; sourceTree = "<group>"; };
		74BDD2D42C7935F2002DB59D /* ShareButtonView.swift */ = {isa = PBXFileReference; lastKnownFileType = sourcecode.swift; path = ShareButtonView.swift; sourceTree = "<group>"; };
		74BDD2D62C793664002DB59D /* LogoutButtonView.swift */ = {isa = PBXFileReference; lastKnownFileType = sourcecode.swift; path = LogoutButtonView.swift; sourceTree = "<group>"; };
		74BDD2E12C7A5316002DB59D /* PhotosView.swift */ = {isa = PBXFileReference; lastKnownFileType = sourcecode.swift; path = PhotosView.swift; sourceTree = "<group>"; };
		74BDD2E32C7A532A002DB59D /* PhotosViewModel.swift */ = {isa = PBXFileReference; lastKnownFileType = sourcecode.swift; path = PhotosViewModel.swift; sourceTree = "<group>"; };
		74BDD2E52C7A5357002DB59D /* PhotoModel.swift */ = {isa = PBXFileReference; lastKnownFileType = sourcecode.swift; path = PhotoModel.swift; sourceTree = "<group>"; };
		74BDD2ED2C7A9F90002DB59D /* PhotoDetailView.swift */ = {isa = PBXFileReference; lastKnownFileType = sourcecode.swift; path = PhotoDetailView.swift; sourceTree = "<group>"; };
		74BDD2EF2C7B6944002DB59D /* VideoViewModel.swift */ = {isa = PBXFileReference; lastKnownFileType = sourcecode.swift; path = VideoViewModel.swift; sourceTree = "<group>"; };
		74BDD2F12C7B6979002DB59D /* VideoModel.swift */ = {isa = PBXFileReference; lastKnownFileType = sourcecode.swift; path = VideoModel.swift; sourceTree = "<group>"; };
		74BDD2F82C7B8A0B002DB59D /* SegmentedControlerView.swift */ = {isa = PBXFileReference; lastKnownFileType = sourcecode.swift; path = SegmentedControlerView.swift; sourceTree = "<group>"; };
		74DCBB422C75302800EC706C /* MobileUp_gallery.app */ = {isa = PBXFileReference; explicitFileType = wrapper.application; includeInIndex = 0; path = MobileUp_gallery.app; sourceTree = BUILT_PRODUCTS_DIR; };
		74DCBB452C75302800EC706C /* App.swift */ = {isa = PBXFileReference; lastKnownFileType = sourcecode.swift; path = App.swift; sourceTree = "<group>"; };
		74DCBB492C75302A00EC706C /* Assets.xcassets */ = {isa = PBXFileReference; lastKnownFileType = folder.assetcatalog; path = Assets.xcassets; sourceTree = "<group>"; };
		74DCBB4C2C75302A00EC706C /* Preview Assets.xcassets */ = {isa = PBXFileReference; lastKnownFileType = folder.assetcatalog; path = "Preview Assets.xcassets"; sourceTree = "<group>"; };
		74DCBB532C7530B000EC706C /* WebView.swift */ = {isa = PBXFileReference; lastKnownFileType = sourcecode.swift; path = WebView.swift; sourceTree = "<group>"; };
/* End PBXFileReference section */

/* Begin PBXFrameworksBuildPhase section */
		74DCBB3F2C75302800EC706C /* Frameworks */ = {
			isa = PBXFrameworksBuildPhase;
			buildActionMask = 2147483647;
			files = (
			);
			runOnlyForDeploymentPostprocessing = 0;
		};
/* End PBXFrameworksBuildPhase section */

/* Begin PBXGroup section */
		749A295C2C77709E0085FD4E /* GitScreenshots */ = {
			isa = PBXGroup;
			children = (
				749A295D2C7770CD0085FD4E /* Tasks */,
			);
			path = GitScreenshots;
			sourceTree = "<group>";
		};
		749A295F2C7779FD0085FD4E /* ViewModel */ = {
			isa = PBXGroup;
			children = (
				749A29622C77B09D0085FD4E /* LoginViewModel.swift */,
				74BDD2E32C7A532A002DB59D /* PhotosViewModel.swift */,
				74BDD2EF2C7B6944002DB59D /* VideoViewModel.swift */,
			);
			path = ViewModel;
			sourceTree = "<group>";
		};
		749A29602C777A1C0085FD4E /* View */ = {
			isa = PBXGroup;
			children = (
				74BDD2E02C7A52FC002DB59D /* PhotosView */,
				749A29662C77C3CA0085FD4E /* AppView.swift */,
				749A295A2C7594910085FD4E /* LoginView.swift */,
				74DCBB532C7530B000EC706C /* WebView.swift */,
			);
			path = View;
			sourceTree = "<group>";
		};
		749A29612C777A7F0085FD4E /* Model */ = {
			isa = PBXGroup;
			children = (
				74BDD2D12C7935C6002DB59D /* ShareButtonModel.swift */,
				74BDD2E52C7A5357002DB59D /* PhotoModel.swift */,
				74BDD2F12C7B6979002DB59D /* VideoModel.swift */,
			);
			path = Model;
			sourceTree = "<group>";
		};
		74BDD2D32C7935D5002DB59D /* Components */ = {
			isa = PBXGroup;
			children = (
				74BDD2D42C7935F2002DB59D /* ShareButtonView.swift */,
				74BDD2D62C793664002DB59D /* LogoutButtonView.swift */,
				74BDD2F82C7B8A0B002DB59D /* SegmentedControlerView.swift */,
			);
			path = Components;
			sourceTree = "<group>";
		};
		74BDD2E02C7A52FC002DB59D /* PhotosView */ = {
			isa = PBXGroup;
			children = (
				74BDD2E12C7A5316002DB59D /* PhotosView.swift */,
				74BDD2ED2C7A9F90002DB59D /* PhotoDetailView.swift */,
			);
			path = PhotosView;
			sourceTree = "<group>";
		};
		74DCBB392C75302800EC706C = {
			isa = PBXGroup;
			children = (
				74DCBB442C75302800EC706C /* MobileUp_gallery */,
				749A295C2C77709E0085FD4E /* GitScreenshots */,
				74DCBB432C75302800EC706C /* Products */,
			);
			sourceTree = "<group>";
		};
		74DCBB432C75302800EC706C /* Products */ = {
			isa = PBXGroup;
			children = (
				74DCBB422C75302800EC706C /* MobileUp_gallery.app */,
			);
			name = Products;
			sourceTree = "<group>";
		};
		74DCBB442C75302800EC706C /* MobileUp_gallery */ = {
			isa = PBXGroup;
			children = (
				74BDD2D32C7935D5002DB59D /* Components */,
				74DCBB452C75302800EC706C /* App.swift */,
				749A29612C777A7F0085FD4E /* Model */,
				749A29602C777A1C0085FD4E /* View */,
				749A295F2C7779FD0085FD4E /* ViewModel */,
				74DCBB492C75302A00EC706C /* Assets.xcassets */,
				74DCBB4B2C75302A00EC706C /* Preview Content */,
			);
			path = MobileUp_gallery;
			sourceTree = "<group>";
		};
		74DCBB4B2C75302A00EC706C /* Preview Content */ = {
			isa = PBXGroup;
			children = (
				74DCBB4C2C75302A00EC706C /* Preview Assets.xcassets */,
			);
			path = "Preview Content";
			sourceTree = "<group>";
		};
/* End PBXGroup section */

/* Begin PBXNativeTarget section */
		74DCBB412C75302800EC706C /* MobileUp_gallery */ = {
			isa = PBXNativeTarget;
			buildConfigurationList = 74DCBB502C75302A00EC706C /* Build configuration list for PBXNativeTarget "MobileUp_gallery" */;
			buildPhases = (
				74DCBB3E2C75302800EC706C /* Sources */,
				74DCBB3F2C75302800EC706C /* Frameworks */,
				74DCBB402C75302800EC706C /* Resources */,
			);
			buildRules = (
			);
			dependencies = (
			);
			name = MobileUp_gallery;
			productName = MobileUp_gallery;
			productReference = 74DCBB422C75302800EC706C /* MobileUp_gallery.app */;
			productType = "com.apple.product-type.application";
		};
/* End PBXNativeTarget section */

/* Begin PBXProject section */
		74DCBB3A2C75302800EC706C /* Project object */ = {
			isa = PBXProject;
			attributes = {
				BuildIndependentTargetsInParallel = 1;
				LastSwiftUpdateCheck = 1420;
				LastUpgradeCheck = 1420;
				TargetAttributes = {
					74DCBB412C75302800EC706C = {
						CreatedOnToolsVersion = 14.2;
					};
				};
			};
			buildConfigurationList = 74DCBB3D2C75302800EC706C /* Build configuration list for PBXProject "MobileUp_gallery" */;
			compatibilityVersion = "Xcode 14.0";
			developmentRegion = en;
			hasScannedForEncodings = 0;
			knownRegions = (
				en,
				Base,
			);
			mainGroup = 74DCBB392C75302800EC706C;
			productRefGroup = 74DCBB432C75302800EC706C /* Products */;
			projectDirPath = "";
			projectRoot = "";
			targets = (
				74DCBB412C75302800EC706C /* MobileUp_gallery */,
			);
		};
/* End PBXProject section */

/* Begin PBXResourcesBuildPhase section */
		74DCBB402C75302800EC706C /* Resources */ = {
			isa = PBXResourcesBuildPhase;
			buildActionMask = 2147483647;
			files = (
				74DCBB4D2C75302A00EC706C /* Preview Assets.xcassets in Resources */,
				74DCBB4A2C75302A00EC706C /* Assets.xcassets in Resources */,
				749A295E2C7770CD0085FD4E /* Tasks in Resources */,
			);
			runOnlyForDeploymentPostprocessing = 0;
		};
/* End PBXResourcesBuildPhase section */

/* Begin PBXSourcesBuildPhase section */
		74DCBB3E2C75302800EC706C /* Sources */ = {
			isa = PBXSourcesBuildPhase;
			buildActionMask = 2147483647;
			files = (
				74DCBB462C75302800EC706C /* App.swift in Sources */,
				74BDD2D22C7935C6002DB59D /* ShareButtonModel.swift in Sources */,
				74BDD2D72C793664002DB59D /* LogoutButtonView.swift in Sources */,
				74BDD2F22C7B6979002DB59D /* VideoModel.swift in Sources */,
				749A29672C77C3CA0085FD4E /* AppView.swift in Sources */,
				749A295B2C7594910085FD4E /* LoginView.swift in Sources */,
				74BDD2E22C7A5316002DB59D /* PhotosView.swift in Sources */,
				74BDD2F92C7B8A0B002DB59D /* SegmentedControlerView.swift in Sources */,
				749A29632C77B09D0085FD4E /* LoginViewModel.swift in Sources */,
				74BDD2F02C7B6944002DB59D /* VideoViewModel.swift in Sources */,
				74BDD2E42C7A532A002DB59D /* PhotosViewModel.swift in Sources */,
				74BDD2EE2C7A9F90002DB59D /* PhotoDetailView.swift in Sources */,
				74BDD2E62C7A5357002DB59D /* PhotoModel.swift in Sources */,
				74DCBB542C7530B000EC706C /* WebView.swift in Sources */,
				74BDD2D52C7935F2002DB59D /* ShareButtonView.swift in Sources */,
			);
			runOnlyForDeploymentPostprocessing = 0;
		};
/* End PBXSourcesBuildPhase section */

/* Begin XCBuildConfiguration section */
		74DCBB4E2C75302A00EC706C /* Debug */ = {
			isa = XCBuildConfiguration;
			buildSettings = {
				ALWAYS_SEARCH_USER_PATHS = NO;
				CLANG_ANALYZER_NONNULL = YES;
				CLANG_ANALYZER_NUMBER_OBJECT_CONVERSION = YES_AGGRESSIVE;
				CLANG_CXX_LANGUAGE_STANDARD = "gnu++20";
				CLANG_ENABLE_MODULES = YES;
				CLANG_ENABLE_OBJC_ARC = YES;
				CLANG_ENABLE_OBJC_WEAK = YES;
				CLANG_WARN_BLOCK_CAPTURE_AUTORELEASING = YES;
				CLANG_WARN_BOOL_CONVERSION = YES;
				CLANG_WARN_COMMA = YES;
				CLANG_WARN_CONSTANT_CONVERSION = YES;
				CLANG_WARN_DEPRECATED_OBJC_IMPLEMENTATIONS = YES;
				CLANG_WARN_DIRECT_OBJC_ISA_USAGE = YES_ERROR;
				CLANG_WARN_DOCUMENTATION_COMMENTS = YES;
				CLANG_WARN_EMPTY_BODY = YES;
				CLANG_WARN_ENUM_CONVERSION = YES;
				CLANG_WARN_INFINITE_RECURSION = YES;
				CLANG_WARN_INT_CONVERSION = YES;
				CLANG_WARN_NON_LITERAL_NULL_CONVERSION = YES;
				CLANG_WARN_OBJC_IMPLICIT_RETAIN_SELF = YES;
				CLANG_WARN_OBJC_LITERAL_CONVERSION = YES;
				CLANG_WARN_OBJC_ROOT_CLASS = YES_ERROR;
				CLANG_WARN_QUOTED_INCLUDE_IN_FRAMEWORK_HEADER = YES;
				CLANG_WARN_RANGE_LOOP_ANALYSIS = YES;
				CLANG_WARN_STRICT_PROTOTYPES = YES;
				CLANG_WARN_SUSPICIOUS_MOVE = YES;
				CLANG_WARN_UNGUARDED_AVAILABILITY = YES_AGGRESSIVE;
				CLANG_WARN_UNREACHABLE_CODE = YES;
				CLANG_WARN__DUPLICATE_METHOD_MATCH = YES;
				COPY_PHASE_STRIP = NO;
				DEBUG_INFORMATION_FORMAT = dwarf;
				ENABLE_STRICT_OBJC_MSGSEND = YES;
				ENABLE_TESTABILITY = YES;
				GCC_C_LANGUAGE_STANDARD = gnu11;
				GCC_DYNAMIC_NO_PIC = NO;
				GCC_NO_COMMON_BLOCKS = YES;
				GCC_OPTIMIZATION_LEVEL = 0;
				GCC_PREPROCESSOR_DEFINITIONS = (
					"DEBUG=1",
					"$(inherited)",
				);
				GCC_WARN_64_TO_32_BIT_CONVERSION = YES;
				GCC_WARN_ABOUT_RETURN_TYPE = YES_ERROR;
				GCC_WARN_UNDECLARED_SELECTOR = YES;
				GCC_WARN_UNINITIALIZED_AUTOS = YES_AGGRESSIVE;
				GCC_WARN_UNUSED_FUNCTION = YES;
				GCC_WARN_UNUSED_VARIABLE = YES;
				IPHONEOS_DEPLOYMENT_TARGET = 16.2;
				MTL_ENABLE_DEBUG_INFO = INCLUDE_SOURCE;
				MTL_FAST_MATH = YES;
				ONLY_ACTIVE_ARCH = YES;
				SDKROOT = iphoneos;
				SWIFT_ACTIVE_COMPILATION_CONDITIONS = DEBUG;
				SWIFT_OPTIMIZATION_LEVEL = "-Onone";
			};
			name = Debug;
		};
		74DCBB4F2C75302A00EC706C /* Release */ = {
			isa = XCBuildConfiguration;
			buildSettings = {
				ALWAYS_SEARCH_USER_PATHS = NO;
				CLANG_ANALYZER_NONNULL = YES;
				CLANG_ANALYZER_NUMBER_OBJECT_CONVERSION = YES_AGGRESSIVE;
				CLANG_CXX_LANGUAGE_STANDARD = "gnu++20";
				CLANG_ENABLE_MODULES = YES;
				CLANG_ENABLE_OBJC_ARC = YES;
				CLANG_ENABLE_OBJC_WEAK = YES;
				CLANG_WARN_BLOCK_CAPTURE_AUTORELEASING = YES;
				CLANG_WARN_BOOL_CONVERSION = YES;
				CLANG_WARN_COMMA = YES;
				CLANG_WARN_CONSTANT_CONVERSION = YES;
				CLANG_WARN_DEPRECATED_OBJC_IMPLEMENTATIONS = YES;
				CLANG_WARN_DIRECT_OBJC_ISA_USAGE = YES_ERROR;
				CLANG_WARN_DOCUMENTATION_COMMENTS = YES;
				CLANG_WARN_EMPTY_BODY = YES;
				CLANG_WARN_ENUM_CONVERSION = YES;
				CLANG_WARN_INFINITE_RECURSION = YES;
				CLANG_WARN_INT_CONVERSION = YES;
				CLANG_WARN_NON_LITERAL_NULL_CONVERSION = YES;
				CLANG_WARN_OBJC_IMPLICIT_RETAIN_SELF = YES;
				CLANG_WARN_OBJC_LITERAL_CONVERSION = YES;
				CLANG_WARN_OBJC_ROOT_CLASS = YES_ERROR;
				CLANG_WARN_QUOTED_INCLUDE_IN_FRAMEWORK_HEADER = YES;
				CLANG_WARN_RANGE_LOOP_ANALYSIS = YES;
				CLANG_WARN_STRICT_PROTOTYPES = YES;
				CLANG_WARN_SUSPICIOUS_MOVE = YES;
				CLANG_WARN_UNGUARDED_AVAILABILITY = YES_AGGRESSIVE;
				CLANG_WARN_UNREACHABLE_CODE = YES;
				CLANG_WARN__DUPLICATE_METHOD_MATCH = YES;
				COPY_PHASE_STRIP = NO;
				DEBUG_INFORMATION_FORMAT = "dwarf-with-dsym";
				ENABLE_NS_ASSERTIONS = NO;
				ENABLE_STRICT_OBJC_MSGSEND = YES;
				GCC_C_LANGUAGE_STANDARD = gnu11;
				GCC_NO_COMMON_BLOCKS = YES;
				GCC_WARN_64_TO_32_BIT_CONVERSION = YES;
				GCC_WARN_ABOUT_RETURN_TYPE = YES_ERROR;
				GCC_WARN_UNDECLARED_SELECTOR = YES;
				GCC_WARN_UNINITIALIZED_AUTOS = YES_AGGRESSIVE;
				GCC_WARN_UNUSED_FUNCTION = YES;
				GCC_WARN_UNUSED_VARIABLE = YES;
				IPHONEOS_DEPLOYMENT_TARGET = 16.2;
				MTL_ENABLE_DEBUG_INFO = NO;
				MTL_FAST_MATH = YES;
				SDKROOT = iphoneos;
				SWIFT_COMPILATION_MODE = wholemodule;
				SWIFT_OPTIMIZATION_LEVEL = "-O";
				VALIDATE_PRODUCT = YES;
			};
			name = Release;
		};
		74DCBB512C75302A00EC706C /* Debug */ = {
			isa = XCBuildConfiguration;
			buildSettings = {
				ASSETCATALOG_COMPILER_APPICON_NAME = AppIcon;
				ASSETCATALOG_COMPILER_GLOBAL_ACCENT_COLOR_NAME = AccentColor;
				CODE_SIGN_STYLE = Automatic;
				CURRENT_PROJECT_VERSION = 1;
				DEVELOPMENT_ASSET_PATHS = "\"MobileUp_gallery/Preview Content\"";
				DEVELOPMENT_TEAM = HN32HK2XMQ;
				ENABLE_PREVIEWS = YES;
				GENERATE_INFOPLIST_FILE = YES;
				INFOPLIST_KEY_UIApplicationSceneManifest_Generation = YES;
				INFOPLIST_KEY_UIApplicationSupportsIndirectInputEvents = YES;
				INFOPLIST_KEY_UILaunchScreen_Generation = YES;
				INFOPLIST_KEY_UISupportedInterfaceOrientations_iPad = "UIInterfaceOrientationPortrait UIInterfaceOrientationPortraitUpsideDown UIInterfaceOrientationLandscapeLeft UIInterfaceOrientationLandscapeRight";
				INFOPLIST_KEY_UISupportedInterfaceOrientations_iPhone = "UIInterfaceOrientationPortrait UIInterfaceOrientationLandscapeLeft UIInterfaceOrientationLandscapeRight";
				LD_RUNPATH_SEARCH_PATHS = (
					"$(inherited)",
					"@executable_path/Frameworks",
				);
				MARKETING_VERSION = 1.0;
				PRODUCT_BUNDLE_IDENTIFIER = "MIKHAIL.MobileUp-gallery";
				PRODUCT_NAME = "$(TARGET_NAME)";
				SWIFT_EMIT_LOC_STRINGS = YES;
				SWIFT_VERSION = 5.0;
				TARGETED_DEVICE_FAMILY = "1,2";
			};
			name = Debug;
		};
		74DCBB522C75302A00EC706C /* Release */ = {
			isa = XCBuildConfiguration;
			buildSettings = {
				ASSETCATALOG_COMPILER_APPICON_NAME = AppIcon;
				ASSETCATALOG_COMPILER_GLOBAL_ACCENT_COLOR_NAME = AccentColor;
				CODE_SIGN_STYLE = Automatic;
				CURRENT_PROJECT_VERSION = 1;
				DEVELOPMENT_ASSET_PATHS = "\"MobileUp_gallery/Preview Content\"";
				DEVELOPMENT_TEAM = HN32HK2XMQ;
				ENABLE_PREVIEWS = YES;
				GENERATE_INFOPLIST_FILE = YES;
				INFOPLIST_KEY_UIApplicationSceneManifest_Generation = YES;
				INFOPLIST_KEY_UIApplicationSupportsIndirectInputEvents = YES;
				INFOPLIST_KEY_UILaunchScreen_Generation = YES;
				INFOPLIST_KEY_UISupportedInterfaceOrientations_iPad = "UIInterfaceOrientationPortrait UIInterfaceOrientationPortraitUpsideDown UIInterfaceOrientationLandscapeLeft UIInterfaceOrientationLandscapeRight";
				INFOPLIST_KEY_UISupportedInterfaceOrientations_iPhone = "UIInterfaceOrientationPortrait UIInterfaceOrientationLandscapeLeft UIInterfaceOrientationLandscapeRight";
				LD_RUNPATH_SEARCH_PATHS = (
					"$(inherited)",
					"@executable_path/Frameworks",
				);
				MARKETING_VERSION = 1.0;
				PRODUCT_BUNDLE_IDENTIFIER = "MIKHAIL.MobileUp-gallery";
				PRODUCT_NAME = "$(TARGET_NAME)";
				SWIFT_EMIT_LOC_STRINGS = YES;
				SWIFT_VERSION = 5.0;
				TARGETED_DEVICE_FAMILY = "1,2";
			};
			name = Release;
		};
/* End XCBuildConfiguration section */

/* Begin XCConfigurationList section */
		74DCBB3D2C75302800EC706C /* Build configuration list for PBXProject "MobileUp_gallery" */ = {
			isa = XCConfigurationList;
			buildConfigurations = (
				74DCBB4E2C75302A00EC706C /* Debug */,
				74DCBB4F2C75302A00EC706C /* Release */,
			);
			defaultConfigurationIsVisible = 0;
			defaultConfigurationName = Release;
		};
		74DCBB502C75302A00EC706C /* Build configuration list for PBXNativeTarget "MobileUp_gallery" */ = {
			isa = XCConfigurationList;
			buildConfigurations = (
				74DCBB512C75302A00EC706C /* Debug */,
				74DCBB522C75302A00EC706C /* Release */,
			);
			defaultConfigurationIsVisible = 0;
			defaultConfigurationName = Release;
		};
/* End XCConfigurationList section */
	};
	rootObject = 74DCBB3A2C75302800EC706C /* Project object */;
}
